
Microsoft Visual Studio Solution File, Format Version 12.00
# Visual Studio Version 17
VisualStudioVersion = 17.7.34221.43
MinimumVisualStudioVersion = 10.0.40219.1
Project("{FAE04EC0-301F-11D3-BF4B-00C04F79EFBC}") = "IdealWeightCalculator", "IdealWeightCalculator\IdealWeightCalculator.csproj", "{EB1388B6-7241-471D-AEB5-46A32409F3F7}"
EndProject
Project("{FAE04EC0-301F-11D3-BF4B-00C04F79EFBC}") = "IdealWeightCalculator.Tests", "IdealWeightCalculator.Tests\IdealWeightCalculator.Tests.csproj", "{8C9C5023-9491-4EC2-A1B3-E95BDF7948CA}"
EndProject
Global
	GlobalSection(SolutionConfigurationPlatforms) = preSolution
		Debug|Any CPU = Debug|Any CPU
		Release|Any CPU = Release|Any CPU
	EndGlobalSection
	GlobalSection(ProjectConfigurationPlatforms) = postSolution
		{EB1388B6-7241-471D-AEB5-46A32409F3F7}.Debug|Any CPU.ActiveCfg = Debug|Any CPU
		{EB1388B6-7241-471D-AEB5-46A32409F3F7}.Debug|Any CPU.Build.0 = Debug|Any CPU
		{EB1388B6-7241-471D-AEB5-46A32409F3F7}.Release|Any CPU.ActiveCfg = Release|Any CPU
		{EB1388B6-7241-471D-AEB5-46A32409F3F7}.Release|Any CPU.Build.0 = Release|Any CPU
		{8C9C5023-9491-4EC2-A1B3-E95BDF7948CA}.Debug|Any CPU.ActiveCfg = Debug|Any CPU
		{8C9C5023-9491-4EC2-A1B3-E95BDF7948CA}.Debug|Any CPU.Build.0 = Debug|Any CPU
		{8C9C5023-9491-4EC2-A1B3-E95BDF7948CA}.Release|Any CPU.ActiveCfg = Release|Any CPU
		{8C9C5023-9491-4EC2-A1B3-E95BDF7948CA}.Release|Any CPU.Build.0 = Release|Any CPU
	EndGlobalSection
	GlobalSection(SolutionProperties) = preSolution
		HideSolutionNode = FALSE
	EndGlobalSection
	GlobalSection(ExtensibilityGlobals) = postSolution
		SolutionGuid = {8751A1C3-8A78-4F59-A0F0-21EEBC4DAFBF}
	EndGlobalSection
EndGlobal
